{
  "name": "artsense_house",
  "version": "1.0.0",
  "lockfileVersion": 2,
  "requires": true,
  "packages": {
    "": {
      "name": "artsense_house",
      "version": "1.0.0",
      "license": "ISC",
      "dependencies": {
        "@splinetool/runtime": "^0.9.133"
      }
    },
    "node_modules/@splinetool/runtime": {
      "version": "0.9.133",
      "resolved": "https://registry.npmjs.org/@splinetool/runtime/-/runtime-0.9.133.tgz",
      "integrity": "sha512-2+ISnWzWA89GXjOQxdnosjkvi2zUmbZudYYNLaR/HL0BRK38PNdD9JJv8eUN1lT5VI9xhJFvRWdPw6ffwvG7vw==",
      "dependencies": {
        "on-change": "^4.0.0"
      }
    },
    "node_modules/on-change": {
      "version": "4.0.1",
      "resolved": "https://registry.npmjs.org/on-change/-/on-change-4.0.1.tgz",
      "integrity": "sha512-Gxmr/8NsLTigoUUEPvnAIUGl7uxwfC3Mm1G+qTmODEZcT4ZGfeaFyQgfGCdbKVS2pICIFYB82RH6MUHToPcS4Q==",
      "engines": {
        "node": "^12.20.0 || ^14.13.1 || >=16.0.0"
      },
      "funding": {
        "url": "https://github.com/sindresorhus/on-change?sponsor=1"
      }
    }
  },
  "dependencies": {
    "@splinetool/runtime": {
      "version": "0.9.133",
      "resolved": "https://registry.npmjs.org/@splinetool/runtime/-/runtime-0.9.133.tgz",
      "integrity": "sha512-2+ISnWzWA89GXjOQxdnosjkvi2zUmbZudYYNLaR/HL0BRK38PNdD9JJv8eUN1lT5VI9xhJFvRWdPw6ffwvG7vw==",
      "requires": {
        "on-change": "^4.0.0"
      }
    },
    "on-change": {
      "version": "4.0.1",
      "resolved": "https://registry.npmjs.org/on-change/-/on-change-4.0.1.tgz",
      "integrity": "sha512-Gxmr/8NsLTigoUUEPvnAIUGl7uxwfC3Mm1G+qTmODEZcT4ZGfeaFyQgfGCdbKVS2pICIFYB82RH6MUHToPcS4Q=="
    }
  }
}
